
Microsoft Visual Studio Solution File, Format Version 12.00
# Visual Studio Version 17
VisualStudioVersion = 17.4.33103.184
MinimumVisualStudioVersion = 10.0.40219.1
Project("{FAE04EC0-301F-11D3-BF4B-00C04F79EFBC}") = "IdentityService", "IdentityService\IdentityService.csproj", "{7133A6D7-0441-44A8-934C-C078142B16E2}"
EndProject
Global
	GlobalSection(SolutionConfigurationPlatforms) = preSolution
		Debug|Any CPU = Debug|Any CPU
		Release|Any CPU = Release|Any CPU
	EndGlobalSection
	GlobalSection(ProjectConfigurationPlatforms) = postSolution
		{7133A6D7-0441-44A8-934C-C078142B16E2}.Debug|Any CPU.ActiveCfg = Debug|Any CPU
		{7133A6D7-0441-44A8-934C-C078142B16E2}.Debug|Any CPU.Build.0 = Debug|Any CPU
		{7133A6D7-0441-44A8-934C-C078142B16E2}.Release|Any CPU.ActiveCfg = Release|Any CPU
		{7133A6D7-0441-44A8-934C-C078142B16E2}.Release|Any CPU.Build.0 = Release|Any CPU
	EndGlobalSection
	GlobalSection(SolutionProperties) = preSolution
		HideSolutionNode = FALSE
	EndGlobalSection
	GlobalSection(ExtensibilityGlobals) = postSolution
		SolutionGuid = {46C17F3A-8D6A-4CF4-8163-D1E5E57D5AE4}
	EndGlobalSection
EndGlobal
